
Microsoft Visual Studio Solution File, Format Version 12.00
# Visual Studio Version 16
VisualStudioVersion = 16.0.30717.126
MinimumVisualStudioVersion = 10.0.40219.1
Project("{8BC9CEB8-8B4A-11D0-8D11-00A0C91BC942}") = "5 спиннер", "5 спиннер\5 спиннер.vcxproj", "{14C38EE4-2BCC-49DE-9C7B-CE8AB1B0224C}"
EndProject
Global
	GlobalSection(SolutionConfigurationPlatforms) = preSolution
		Debug|x64 = Debug|x64
		Debug|x86 = Debug|x86
		Release|x64 = Release|x64
		Release|x86 = Release|x86
	EndGlobalSection
	GlobalSection(ProjectConfigurationPlatforms) = postSolution
		{14C38EE4-2BCC-49DE-9C7B-CE8AB1B0224C}.Debug|x64.ActiveCfg = Debug|x64
		{14C38EE4-2BCC-49DE-9C7B-CE8AB1B0224C}.Debug|x64.Build.0 = Debug|x64
		{14C38EE4-2BCC-49DE-9C7B-CE8AB1B0224C}.Debug|x86.ActiveCfg = Debug|Win32
		{14C38EE4-2BCC-49DE-9C7B-CE8AB1B0224C}.Debug|x86.Build.0 = Debug|Win32
		{14C38EE4-2BCC-49DE-9C7B-CE8AB1B0224C}.Release|x64.ActiveCfg = Release|x64
		{14C38EE4-2BCC-49DE-9C7B-CE8AB1B0224C}.Release|x64.Build.0 = Release|x64
		{14C38EE4-2BCC-49DE-9C7B-CE8AB1B0224C}.Release|x86.ActiveCfg = Release|Win32
		{14C38EE4-2BCC-49DE-9C7B-CE8AB1B0224C}.Release|x86.Build.0 = Release|Win32
	EndGlobalSection
	GlobalSection(SolutionProperties) = preSolution
		HideSolutionNode = FALSE
	EndGlobalSection
	GlobalSection(ExtensibilityGlobals) = postSolution
		SolutionGuid = {60F0119C-E52C-42CF-B192-2DB701449821}
	EndGlobalSection
EndGlobal
