
Microsoft Visual Studio Solution File, Format Version 12.00
# Visual Studio Version 16
VisualStudioVersion = 16.0.30523.141
MinimumVisualStudioVersion = 10.0.40219.1
Project("{8BC9CEB8-8B4A-11D0-8D11-00A0C91BC942}") = "Сдвиг", "Сдвиг\Сдвиг.vcxproj", "{52065814-2523-4457-A5A3-FE233B62D55A}"
EndProject
Global
	GlobalSection(SolutionConfigurationPlatforms) = preSolution
		Debug|x64 = Debug|x64
		Debug|x86 = Debug|x86
		Release|x64 = Release|x64
		Release|x86 = Release|x86
	EndGlobalSection
	GlobalSection(ProjectConfigurationPlatforms) = postSolution
		{52065814-2523-4457-A5A3-FE233B62D55A}.Debug|x64.ActiveCfg = Debug|x64
		{52065814-2523-4457-A5A3-FE233B62D55A}.Debug|x64.Build.0 = Debug|x64
		{52065814-2523-4457-A5A3-FE233B62D55A}.Debug|x86.ActiveCfg = Debug|Win32
		{52065814-2523-4457-A5A3-FE233B62D55A}.Debug|x86.Build.0 = Debug|Win32
		{52065814-2523-4457-A5A3-FE233B62D55A}.Release|x64.ActiveCfg = Release|x64
		{52065814-2523-4457-A5A3-FE233B62D55A}.Release|x64.Build.0 = Release|x64
		{52065814-2523-4457-A5A3-FE233B62D55A}.Release|x86.ActiveCfg = Release|Win32
		{52065814-2523-4457-A5A3-FE233B62D55A}.Release|x86.Build.0 = Release|Win32
	EndGlobalSection
	GlobalSection(SolutionProperties) = preSolution
		HideSolutionNode = FALSE
	EndGlobalSection
	GlobalSection(ExtensibilityGlobals) = postSolution
		SolutionGuid = {F1AEE57C-BA7E-4DD6-9AD6-725ADDEF0CFD}
	EndGlobalSection
EndGlobal
