
Microsoft Visual Studio Solution File, Format Version 12.00
# Visual Studio Version 16
VisualStudioVersion = 16.0.30717.126
MinimumVisualStudioVersion = 10.0.40219.1
Project("{8BC9CEB8-8B4A-11D0-8D11-00A0C91BC942}") = "2.3. Функция", "2.3. Функция\2.3. Функция.vcxproj", "{41C65B24-DB48-4F69-B2A7-BAAD7C248241}"
EndProject
Global
	GlobalSection(SolutionConfigurationPlatforms) = preSolution
		Debug|x64 = Debug|x64
		Debug|x86 = Debug|x86
		Release|x64 = Release|x64
		Release|x86 = Release|x86
	EndGlobalSection
	GlobalSection(ProjectConfigurationPlatforms) = postSolution
		{41C65B24-DB48-4F69-B2A7-BAAD7C248241}.Debug|x64.ActiveCfg = Debug|x64
		{41C65B24-DB48-4F69-B2A7-BAAD7C248241}.Debug|x64.Build.0 = Debug|x64
		{41C65B24-DB48-4F69-B2A7-BAAD7C248241}.Debug|x86.ActiveCfg = Debug|Win32
		{41C65B24-DB48-4F69-B2A7-BAAD7C248241}.Debug|x86.Build.0 = Debug|Win32
		{41C65B24-DB48-4F69-B2A7-BAAD7C248241}.Release|x64.ActiveCfg = Release|x64
		{41C65B24-DB48-4F69-B2A7-BAAD7C248241}.Release|x64.Build.0 = Release|x64
		{41C65B24-DB48-4F69-B2A7-BAAD7C248241}.Release|x86.ActiveCfg = Release|Win32
		{41C65B24-DB48-4F69-B2A7-BAAD7C248241}.Release|x86.Build.0 = Release|Win32
	EndGlobalSection
	GlobalSection(SolutionProperties) = preSolution
		HideSolutionNode = FALSE
	EndGlobalSection
	GlobalSection(ExtensibilityGlobals) = postSolution
		SolutionGuid = {6FB31E79-1765-4042-AB28-5ABC4D34B862}
	EndGlobalSection
EndGlobal
