
Microsoft Visual Studio Solution File, Format Version 12.00
# Visual Studio Version 16
VisualStudioVersion = 16.0.30717.126
MinimumVisualStudioVersion = 10.0.40219.1
Project("{8BC9CEB8-8B4A-11D0-8D11-00A0C91BC942}") = "4.6. Римские цифры", "4.6. Римские цифры\4.6. Римские цифры.vcxproj", "{7392BA9C-2160-403E-926F-8B85D5D4B5A4}"
EndProject
Global
	GlobalSection(SolutionConfigurationPlatforms) = preSolution
		Debug|x64 = Debug|x64
		Debug|x86 = Debug|x86
		Release|x64 = Release|x64
		Release|x86 = Release|x86
	EndGlobalSection
	GlobalSection(ProjectConfigurationPlatforms) = postSolution
		{7392BA9C-2160-403E-926F-8B85D5D4B5A4}.Debug|x64.ActiveCfg = Debug|x64
		{7392BA9C-2160-403E-926F-8B85D5D4B5A4}.Debug|x64.Build.0 = Debug|x64
		{7392BA9C-2160-403E-926F-8B85D5D4B5A4}.Debug|x86.ActiveCfg = Debug|Win32
		{7392BA9C-2160-403E-926F-8B85D5D4B5A4}.Debug|x86.Build.0 = Debug|Win32
		{7392BA9C-2160-403E-926F-8B85D5D4B5A4}.Release|x64.ActiveCfg = Release|x64
		{7392BA9C-2160-403E-926F-8B85D5D4B5A4}.Release|x64.Build.0 = Release|x64
		{7392BA9C-2160-403E-926F-8B85D5D4B5A4}.Release|x86.ActiveCfg = Release|Win32
		{7392BA9C-2160-403E-926F-8B85D5D4B5A4}.Release|x86.Build.0 = Release|Win32
	EndGlobalSection
	GlobalSection(SolutionProperties) = preSolution
		HideSolutionNode = FALSE
	EndGlobalSection
	GlobalSection(ExtensibilityGlobals) = postSolution
		SolutionGuid = {28C0196C-EEB5-496C-960D-DC50CB111562}
	EndGlobalSection
EndGlobal
